<?xml version="1.0" encoding="utf-8"?>
<Project ToolsVersion="4.0" xmlns="http://schemas.microsoft.com/developer/msbuild/2003">
  <ItemGroup>
    <Filter Include="Nuim">
      <UniqueIdentifier>{BED4897C-AA0B-8B0D-53F8-70103F0E070F}</UniqueIdentifier>
    </Filter>
    <Filter Include="Nuim\Core">
      <UniqueIdentifier>{D69F7BFE-420A-3075-8B48-E11AF7F10DCA}</UniqueIdentifier>
    </Filter>
    <Filter Include="Nuim\Renderer">
      <UniqueIdentifier>{244E3BDD-900E-B713-5949-0091C5C8FBEF}</UniqueIdentifier>
    </Filter>
  </ItemGroup>
  <ItemGroup>
    <ClInclude Include="src\Nuim.h" />
    <ClInclude Include="src\Nuim\Core\Application.h">
      <Filter>Nuim\Core</Filter>
    </ClInclude>
    <ClInclude Include="src\Nuim\Core\Core.h">
      <Filter>Nuim\Core</Filter>
    </ClInclude>
    <ClInclude Include="src\Nuim\Core\EntryPoint.h">
      <Filter>Nuim\Core</Filter>
    </ClInclude>
    <ClInclude Include="src\Nuim\Renderer\Camera.h">
      <Filter>Nuim\Renderer</Filter>
    </ClInclude>
    <ClInclude Include="src\Nuim\Renderer\Shader.h">
      <Filter>Nuim\Renderer</Filter>
    </ClInclude>
    <ClInclude Include="src\nmpch.h" />
    <ClInclude Include="src\Nuim\Math\NMath.h" />
    <ClInclude Include="src\Nuim\Core\Input.h" />
  </ItemGroup>
  <ItemGroup>
    <ClCompile Include="src\Nuim\Core\Application.cpp">
      <Filter>Nuim\Core</Filter>
    </ClCompile>
    <ClCompile Include="src\Nuim\Renderer\Camera.cpp">
      <Filter>Nuim\Renderer</Filter>
    </ClCompile>
    <ClCompile Include="src\Nuim\Renderer\Shader.cpp">
      <Filter>Nuim\Renderer</Filter>
    </ClCompile>
    <ClCompile Include="src\nmpch.cpp" />
    <ClCompile Include="src\Nuim\Core\Input.cpp" />
  </ItemGroup>
</Project>