<?xml version="1.0" encoding="utf-8"?>
<Project ToolsVersion="4.0" xmlns="http://schemas.microsoft.com/developer/msbuild/2003">
  <ItemGroup>
    <Filter Include="Linking">
      <UniqueIdentifier>{F151FADA-5D31-7976-6649-044DD2A7DFD7}</UniqueIdentifier>
    </Filter>
    <Filter Include="Linking\include">
      <UniqueIdentifier>{64DA6E38-D065-DCFC-D976-5FF1458138FD}</UniqueIdentifier>
    </Filter>
    <Filter Include="Linking\include\GLFW">
      <UniqueIdentifier>{23B4851E-0F43-0FE8-B861-23E3A4CF1F8E}</UniqueIdentifier>
    </Filter>
    <Filter Include="Linking\include\KHR">
      <UniqueIdentifier>{D87A782F-44DC-553D-CD49-9CEF39AA8CFC}</UniqueIdentifier>
    </Filter>
    <Filter Include="Linking\include\glad">
      <UniqueIdentifier>{EBCB971E-D75A-21E8-8079-35E36CE7318E}</UniqueIdentifier>
    </Filter>
    <Filter Include="Linking\include\glm">
      <UniqueIdentifier>{B3F6782F-1F58-563D-A8C5-9CEF14268DFC}</UniqueIdentifier>
    </Filter>
    <Filter Include="Linking\include\glm\simd">
      <UniqueIdentifier>{EF7AA114-DB9F-F094-04EB-D524F06EEFB2}</UniqueIdentifier>
    </Filter>
    <Filter Include="Linking\include\stb">
      <UniqueIdentifier>{BC2A792F-288C-563D-B1F9-9CEF1D5A8DFC}</UniqueIdentifier>
    </Filter>
    <Filter Include="src">
      <UniqueIdentifier>{2DAB880B-99B4-887C-2230-9F7C8E38947C}</UniqueIdentifier>
    </Filter>
  </ItemGroup>
  <ItemGroup>
    <ClInclude Include="..\Linking\include\GLFW\glfw3.h">
      <Filter>Linking\include\GLFW</Filter>
    </ClInclude>
    <ClInclude Include="..\Linking\include\GLFW\glfw3native.h">
      <Filter>Linking\include\GLFW</Filter>
    </ClInclude>
    <ClInclude Include="..\Linking\include\KHR\khrplatform.h">
      <Filter>Linking\include\KHR</Filter>
    </ClInclude>
    <ClInclude Include="..\Linking\include\glad\glad.h">
      <Filter>Linking\include\glad</Filter>
    </ClInclude>
    <ClInclude Include="..\Linking\include\glm\simd\common.h">
      <Filter>Linking\include\glm\simd</Filter>
    </ClInclude>
    <ClInclude Include="..\Linking\include\glm\simd\exponential.h">
      <Filter>Linking\include\glm\simd</Filter>
    </ClInclude>
    <ClInclude Include="..\Linking\include\glm\simd\geometric.h">
      <Filter>Linking\include\glm\simd</Filter>
    </ClInclude>
    <ClInclude Include="..\Linking\include\glm\simd\integer.h">
      <Filter>Linking\include\glm\simd</Filter>
    </ClInclude>
    <ClInclude Include="..\Linking\include\glm\simd\matrix.h">
      <Filter>Linking\include\glm\simd</Filter>
    </ClInclude>
    <ClInclude Include="..\Linking\include\glm\simd\neon.h">
      <Filter>Linking\include\glm\simd</Filter>
    </ClInclude>
    <ClInclude Include="..\Linking\include\glm\simd\packing.h">
      <Filter>Linking\include\glm\simd</Filter>
    </ClInclude>
    <ClInclude Include="..\Linking\include\glm\simd\platform.h">
      <Filter>Linking\include\glm\simd</Filter>
    </ClInclude>
    <ClInclude Include="..\Linking\include\glm\simd\trigonometric.h">
      <Filter>Linking\include\glm\simd</Filter>
    </ClInclude>
    <ClInclude Include="..\Linking\include\glm\simd\vector_relational.h">
      <Filter>Linking\include\glm\simd</Filter>
    </ClInclude>
    <ClInclude Include="..\Linking\include\stb\stb_image.h">
      <Filter>Linking\include\stb</Filter>
    </ClInclude>
    <ClInclude Include="src\Engine.h">
      <Filter>src</Filter>
    </ClInclude>
  </ItemGroup>
  <ItemGroup>
    <ClCompile Include="src\Engine.cpp" />
  </ItemGroup>
</Project>